
Microsoft Visual Studio Solution File, Format Version 12.00
# Visual Studio Version 17
VisualStudioVersion = 17.6.33829.357
MinimumVisualStudioVersion = 10.0.40219.1
Project("{FAE04EC0-301F-11D3-BF4B-00C04F79EFBC}") = "WPFUiBase", "WPFUiBase\WPFUiBase.csproj", "{F87F69A1-25C5-494F-9C51-4846938F2928}"
EndProject
Project("{9A19103F-16F7-4668-BE54-9A1E7A4F7556}") = "UIBase", "UIBase\UIBase.csproj", "{4166A5E5-2A66-4A55-89D2-4FCDF2FD5B25}"
EndProject
Global
	GlobalSection(SolutionConfigurationPlatforms) = preSolution
		Debug|Any CPU = Debug|Any CPU
		Release|Any CPU = Release|Any CPU
	EndGlobalSection
	GlobalSection(ProjectConfigurationPlatforms) = postSolution
		{F87F69A1-25C5-494F-9C51-4846938F2928}.Debug|Any CPU.ActiveCfg = Debug|Any CPU
		{F87F69A1-25C5-494F-9C51-4846938F2928}.Debug|Any CPU.Build.0 = Debug|Any CPU
		{F87F69A1-25C5-494F-9C51-4846938F2928}.Release|Any CPU.ActiveCfg = Release|Any CPU
		{F87F69A1-25C5-494F-9C51-4846938F2928}.Release|Any CPU.Build.0 = Release|Any CPU
		{4166A5E5-2A66-4A55-89D2-4FCDF2FD5B25}.Debug|Any CPU.ActiveCfg = Debug|Any CPU
		{4166A5E5-2A66-4A55-89D2-4FCDF2FD5B25}.Debug|Any CPU.Build.0 = Debug|Any CPU
		{4166A5E5-2A66-4A55-89D2-4FCDF2FD5B25}.Release|Any CPU.ActiveCfg = Release|Any CPU
		{4166A5E5-2A66-4A55-89D2-4FCDF2FD5B25}.Release|Any CPU.Build.0 = Release|Any CPU
	EndGlobalSection
	GlobalSection(SolutionProperties) = preSolution
		HideSolutionNode = FALSE
	EndGlobalSection
	GlobalSection(ExtensibilityGlobals) = postSolution
		SolutionGuid = {A1AF537E-6747-49FB-9960-32540E50737C}
	EndGlobalSection
EndGlobal
